
Microsoft Visual Studio Solution File, Format Version 12.00
# Visual Studio Version 17
VisualStudioVersion = 17.4.33403.182
MinimumVisualStudioVersion = 10.0.40219.1
Project("{FAE04EC0-301F-11D3-BF4B-00C04F79EFBC}") = "GelismisGorevListesiProjesi", "GelismisGorevListesiProjesi\GelismisGorevListesiProjesi.csproj", "{0FF4AEF8-CB1F-48E1-ABD6-F72EB4E5C7B4}"
EndProject
Global
	GlobalSection(SolutionConfigurationPlatforms) = preSolution
		Debug|Any CPU = Debug|Any CPU
		Release|Any CPU = Release|Any CPU
	EndGlobalSection
	GlobalSection(ProjectConfigurationPlatforms) = postSolution
		{0FF4AEF8-CB1F-48E1-ABD6-F72EB4E5C7B4}.Debug|Any CPU.ActiveCfg = Debug|Any CPU
		{0FF4AEF8-CB1F-48E1-ABD6-F72EB4E5C7B4}.Debug|Any CPU.Build.0 = Debug|Any CPU
		{0FF4AEF8-CB1F-48E1-ABD6-F72EB4E5C7B4}.Release|Any CPU.ActiveCfg = Release|Any CPU
		{0FF4AEF8-CB1F-48E1-ABD6-F72EB4E5C7B4}.Release|Any CPU.Build.0 = Release|Any CPU
	EndGlobalSection
	GlobalSection(SolutionProperties) = preSolution
		HideSolutionNode = FALSE
	EndGlobalSection
	GlobalSection(ExtensibilityGlobals) = postSolution
		SolutionGuid = {B5664310-F9CA-44FC-B991-67C1D1D87EAA}
	EndGlobalSection
EndGlobal
